
Microsoft Visual Studio Solution File, Format Version 10.00
# Visual Studio 2008
Project("{FAE04EC0-301F-11D3-BF4B-00C04F79EFBC}") = "Core", "Core\Core.csproj", "{078BF1DB-47D8-4A18-928F-BCD6B30B03E5}"
EndProject
Project("{FAE04EC0-301F-11D3-BF4B-00C04F79EFBC}") = "Core.Specs", "Core.Specs\Core.Specs.csproj", "{5E1D4B95-731A-45AD-91C3-C9AF431136F9}"
EndProject
Project("{FAE04EC0-301F-11D3-BF4B-00C04F79EFBC}") = "Web.UI", "Web.UI\Web.UI.csproj", "{96F87DF7-1167-40F7-9E55-79039ADBD0DF}"
EndProject
Global
	GlobalSection(SolutionConfigurationPlatforms) = preSolution
		Debug|Any CPU = Debug|Any CPU
		Release|Any CPU = Release|Any CPU
	EndGlobalSection
	GlobalSection(ProjectConfigurationPlatforms) = postSolution
		{078BF1DB-47D8-4A18-928F-BCD6B30B03E5}.Debug|Any CPU.ActiveCfg = Debug|Any CPU
		{078BF1DB-47D8-4A18-928F-BCD6B30B03E5}.Debug|Any CPU.Build.0 = Debug|Any CPU
		{078BF1DB-47D8-4A18-928F-BCD6B30B03E5}.Release|Any CPU.ActiveCfg = Release|Any CPU
		{078BF1DB-47D8-4A18-928F-BCD6B30B03E5}.Release|Any CPU.Build.0 = Release|Any CPU
		{5E1D4B95-731A-45AD-91C3-C9AF431136F9}.Debug|Any CPU.ActiveCfg = Debug|Any CPU
		{5E1D4B95-731A-45AD-91C3-C9AF431136F9}.Debug|Any CPU.Build.0 = Debug|Any CPU
		{5E1D4B95-731A-45AD-91C3-C9AF431136F9}.Release|Any CPU.ActiveCfg = Release|Any CPU
		{5E1D4B95-731A-45AD-91C3-C9AF431136F9}.Release|Any CPU.Build.0 = Release|Any CPU
		{96F87DF7-1167-40F7-9E55-79039ADBD0DF}.Debug|Any CPU.ActiveCfg = Debug|Any CPU
		{96F87DF7-1167-40F7-9E55-79039ADBD0DF}.Debug|Any CPU.Build.0 = Debug|Any CPU
		{96F87DF7-1167-40F7-9E55-79039ADBD0DF}.Release|Any CPU.ActiveCfg = Release|Any CPU
		{96F87DF7-1167-40F7-9E55-79039ADBD0DF}.Release|Any CPU.Build.0 = Release|Any CPU
	EndGlobalSection
	GlobalSection(SolutionProperties) = preSolution
		HideSolutionNode = FALSE
	EndGlobalSection
EndGlobal
